
Microsoft Visual Studio Solution File, Format Version 12.00
# Visual Studio 2012
Project("{FAE04EC0-301F-11D3-BF4B-00C04F79EFBC}") = "MySync", "MySync\MySync.csproj", "{997D45A5-B46D-4F78-B9C1-7768A74364CB}"
EndProject
Global
	GlobalSection(SolutionConfigurationPlatforms) = preSolution
		Debug|Any CPU = Debug|Any CPU
		Release|Any CPU = Release|Any CPU
	EndGlobalSection
	GlobalSection(ProjectConfigurationPlatforms) = postSolution
		{997D45A5-B46D-4F78-B9C1-7768A74364CB}.Debug|Any CPU.ActiveCfg = Debug|Any CPU
		{997D45A5-B46D-4F78-B9C1-7768A74364CB}.Debug|Any CPU.Build.0 = Debug|Any CPU
		{997D45A5-B46D-4F78-B9C1-7768A74364CB}.Release|Any CPU.ActiveCfg = Release|Any CPU
		{997D45A5-B46D-4F78-B9C1-7768A74364CB}.Release|Any CPU.Build.0 = Release|Any CPU
	EndGlobalSection
	GlobalSection(SolutionProperties) = preSolution
		HideSolutionNode = FALSE
	EndGlobalSection
EndGlobal
